{
  "nodes": {
    "flake-utils": {
      "locked": {
        "lastModified": 1659877975,
        "narHash": "sha256-zllb8aq3YO3h8B/U0/J1WBgAL8EX5yWf5pMj3G0NAmc=",
        "owner": "numtide",
        "repo": "flake-utils",
        "rev": "c0e246b9b83f637f4681389ecabcb2681b4f3af0",
        "type": "github"
      },
      "original": {
        "id": "flake-utils",
        "type": "indirect"
      }
    },
    "flake-utils_2": {
      "locked": {
        "lastModified": 1644229661,
        "narHash": "sha256-1YdnJAsNy69bpcjuoKdOYQX0YxZBiCYZo4Twxerqv7k=",
        "owner": "numtide",
        "repo": "flake-utils",
        "rev": "3cecb5b042f7f209c56ffd8371b2711a290ec797",
        "type": "github"
      },
      "original": {
        "owner": "numtide",
        "repo": "flake-utils",
        "type": "github"
      }
    },
    "flake-utils_3": {
      "locked": {
        "lastModified": 1618217525,
        "narHash": "sha256-WGrhVczjXTiswQaoxQ+0PTfbLNeOQM6M36zvLn78AYg=",
        "owner": "numtide",
        "repo": "flake-utils",
        "rev": "c6169a2772643c4a93a0b5ac1c61e296cba68544",
        "type": "github"
      },
      "original": {
        "owner": "numtide",
        "repo": "flake-utils",
        "type": "github"
      }
    },
    "get-flake": {
      "locked": {
        "lastModified": 1644686428,
        "narHash": "sha256-zkhYsURWFrvEZLkIoBeqFBzSu+cA2u5mo6M8vq9LN7M=",
        "owner": "ursi",
        "repo": "get-flake",
        "rev": "703f15558daa56dfae19d1858bb3046afe68831a",
        "type": "github"
      },
      "original": {
        "owner": "ursi",
        "repo": "get-flake",
        "type": "github"
      }
    },
    "horizon-core": {
      "flake": false,
      "locked": {
        "lastModified": 1675520422,
        "narHash": "sha256-irHPKu12Tajj3VbpbqGgIh7c75r7sqMU2TyqG//WXH8=",
        "ref": "refs/heads/master",
        "rev": "3796774d7337f91e73c38afb0d7635b4a2225936",
        "revCount": 942,
        "type": "git",
        "url": "https://gitlab.homotopic.tech/horizon/horizon-core"
      },
      "original": {
        "type": "git",
        "url": "https://gitlab.homotopic.tech/horizon/horizon-core"
      }
    },
    "horizon-wave-ocean": {
      "inputs": {
        "flake-utils": "flake-utils",
        "get-flake": "get-flake",
        "horizon-core": "horizon-core",
        "iohk-nix": "iohk-nix",
        "lint-utils": "lint-utils",
        "nixpkgs": "nixpkgs_2",
        "nixpkgs-libsodium": "nixpkgs-libsodium"
      },
      "locked": {
        "lastModified": 1675699017,
        "narHash": "sha256-0LRSIpwkRWCsh+IdE0U932oW3NHXX8pxWLMhf/br2AM=",
        "ref": "refs/heads/master",
        "rev": "e135211d4af6f2f73dae4f67df63ddc8848e279a",
        "revCount": 979,
        "type": "git",
        "url": "https://gitlab.homotopic.tech/horizon/wave-ocean/horizon-wave-ocean-platform"
      },
      "original": {
        "type": "git",
        "url": "https://gitlab.homotopic.tech/horizon/wave-ocean/horizon-wave-ocean-platform"
      }
    },
    "iohk-nix": {
      "flake": false,
      "locked": {
        "lastModified": 1653579289,
        "narHash": "sha256-wveDdPsgB/3nAGAdFaxrcgLEpdi0aJ5kEVNtI+YqVfo=",
        "owner": "input-output-hk",
        "repo": "iohk-nix",
        "rev": "edb2d2df2ebe42bbdf03a0711115cf6213c9d366",
        "type": "github"
      },
      "original": {
        "owner": "input-output-hk",
        "repo": "iohk-nix",
        "rev": "edb2d2df2ebe42bbdf03a0711115cf6213c9d366",
        "type": "github"
      }
    },
    "lint-utils": {
      "inputs": {
        "flake-utils": "flake-utils_2",
        "nixpkgs": "nixpkgs"
      },
      "locked": {
        "lastModified": 1670623736,
        "narHash": "sha256-CrA/yua5H0NfZ2tu1QZ2WpYi6pkWzyFxiwGk+KoF620=",
        "ref": "refs/heads/master",
        "rev": "ee76287dc9987dd01ec38d38839b788a26ee5f24",
        "revCount": 45,
        "type": "git",
        "url": "https://gitlab.homotopic.tech/nix/lint-utils"
      },
      "original": {
        "type": "git",
        "url": "https://gitlab.homotopic.tech/nix/lint-utils"
      }
    },
    "nixpkgs": {
      "locked": {
        "lastModified": 1644525281,
        "narHash": "sha256-D3VuWLdnLmAXIkooWAtbTGSQI9Fc1lkvAr94wTxhnTU=",
        "owner": "NixOS",
        "repo": "nixpkgs",
        "rev": "48d63e924a2666baf37f4f14a18f19347fbd54a2",
        "type": "github"
      },
      "original": {
        "owner": "NixOS",
        "ref": "nixos-unstable",
        "repo": "nixpkgs",
        "type": "github"
      }
    },
    "nixpkgs-libsodium": {
      "locked": {
        "lastModified": 1672397839,
        "narHash": "sha256-o+TBFFNSdOu5L1CUetXGMSinghqqlWcI2Sj9GVoJmUY=",
        "owner": "nixos",
        "repo": "nixpkgs",
        "rev": "a3f612564c15e8471dd17c15efaf7ede83c57763",
        "type": "github"
      },
      "original": {
        "owner": "nixos",
        "repo": "nixpkgs",
        "rev": "a3f612564c15e8471dd17c15efaf7ede83c57763",
        "type": "github"
      }
    },
    "nixpkgs_2": {
      "locked": {
        "lastModified": 1673947312,
        "narHash": "sha256-xx/2nRwRy3bXrtry6TtydKpJpqHahjuDB5sFkQ/XNDE=",
        "owner": "nixos",
        "repo": "nixpkgs",
        "rev": "2d38b664b4400335086a713a0036aafaa002c003",
        "type": "github"
      },
      "original": {
        "owner": "nixos",
        "ref": "nixpkgs-unstable",
        "repo": "nixpkgs",
        "type": "github"
      }
    },
    "root": {
      "inputs": {
        "horizon-wave-ocean": "horizon-wave-ocean",
        "nixpkgs": [
          "horizon-wave-ocean",
          "nixpkgs"
        ],
        "utils": "utils"
      }
    },
    "utils": {
      "inputs": {
        "flake-utils": "flake-utils_3"
      },
      "locked": {
        "lastModified": 1658606827,
        "narHash": "sha256-3kSWTDpV4+uApt/Xd0kv2m7TR1Y6A7SgYUeX86/qYuU=",
        "owner": "ursi",
        "repo": "flake-utils",
        "rev": "faec5f7431da6747a69957a9cd65e35b5173e10a",
        "type": "github"
      },
      "original": {
        "owner": "ursi",
        "repo": "flake-utils",
        "type": "github"
      }
    }
  },
  "root": "root",
  "version": 7
}
