name: update-flake-lock
on:
  workflow_dispatch: # allows manual triggering
  schedule:
    - cron: '0 0 * * 0' # runs weekly on Sunday at 00:00
jobs:
  lockfile:
    runs-on: ubuntu-latest
    steps:
      - name: Checkout repository
        uses: actions/checkout@v5
      - name: Install Nix
        uses: cachix/install-nix-action@v31
        with:
          extra_nix_config: |
            accept-flake-config = true
            access-tokens = github.com=${{ secrets.GITHUB_TOKEN }}
      - uses: cachix/cachix-action@v15
        with:
          name: klarkc
          authToken: '${{ secrets.CACHIX_AUTH_TOKEN }}'
      - name: Update flake.lock
        uses: DeterminateSystems/update-flake-lock@v27
        with:
          commit-msg: "build(deps): Bump flake.lock dependencies"
          pr-title: "Update flake.lock" 
          pr-labels: |                  
            dependencies
            automated
          token: ${{ secrets.PAT_TOKEN }}
          branch: update_flake_lock_action
